
Microsoft Visual Studio Solution File, Format Version 12.00
Project("{FAE04EC0-301F-11D3-BF4B-00C04F79EFBC}") = "Plex.Web.Api", "Plex.Web.Api.csproj", "{80C6DAB5-DE91-4D58-B5FF-65AAB4D2755D}"
EndProject
Global
	GlobalSection(SolutionConfigurationPlatforms) = preSolution
		Debug|Any CPU = Debug|Any CPU
		Release|Any CPU = Release|Any CPU
	EndGlobalSection
	GlobalSection(ProjectConfigurationPlatforms) = postSolution
		{80C6DAB5-DE91-4D58-B5FF-65AAB4D2755D}.Debug|Any CPU.ActiveCfg = Debug|Any CPU
		{80C6DAB5-DE91-4D58-B5FF-65AAB4D2755D}.Debug|Any CPU.Build.0 = Debug|Any CPU
		{80C6DAB5-DE91-4D58-B5FF-65AAB4D2755D}.Release|Any CPU.ActiveCfg = Release|Any CPU
		{80C6DAB5-DE91-4D58-B5FF-65AAB4D2755D}.Release|Any CPU.Build.0 = Release|Any CPU
	EndGlobalSection
EndGlobal
